
Microsoft Visual Studio Solution File, Format Version 12.00
# Visual Studio 2013
VisualStudioVersion = 12.0.21005.1
MinimumVisualStudioVersion = 10.0.40219.1
Project("{FAE04EC0-301F-11D3-BF4B-00C04F79EFBC}") = "DeLettertuin", "DeLettertuin\DeLettertuin.csproj", "{FAFCD600-3098-4E53-88EC-E9560A847128}"
EndProject
Project("{FAE04EC0-301F-11D3-BF4B-00C04F79EFBC}") = "DeLettertuin.Tests", "DeLettertuin.Tests\DeLettertuin.Tests.csproj", "{1A903403-BD51-49E9-9913-F69CF5B740DF}"
EndProject
Global
	GlobalSection(SolutionConfigurationPlatforms) = preSolution
		Debug|Any CPU = Debug|Any CPU
		Release|Any CPU = Release|Any CPU
	EndGlobalSection
	GlobalSection(ProjectConfigurationPlatforms) = postSolution
		{FAFCD600-3098-4E53-88EC-E9560A847128}.Debug|Any CPU.ActiveCfg = Debug|Any CPU
		{FAFCD600-3098-4E53-88EC-E9560A847128}.Debug|Any CPU.Build.0 = Debug|Any CPU
		{FAFCD600-3098-4E53-88EC-E9560A847128}.Release|Any CPU.ActiveCfg = Release|Any CPU
		{FAFCD600-3098-4E53-88EC-E9560A847128}.Release|Any CPU.Build.0 = Release|Any CPU
		{1A903403-BD51-49E9-9913-F69CF5B740DF}.Debug|Any CPU.ActiveCfg = Debug|Any CPU
		{1A903403-BD51-49E9-9913-F69CF5B740DF}.Debug|Any CPU.Build.0 = Debug|Any CPU
		{1A903403-BD51-49E9-9913-F69CF5B740DF}.Release|Any CPU.ActiveCfg = Release|Any CPU
		{1A903403-BD51-49E9-9913-F69CF5B740DF}.Release|Any CPU.Build.0 = Release|Any CPU
	EndGlobalSection
	GlobalSection(SolutionProperties) = preSolution
		HideSolutionNode = FALSE
	EndGlobalSection
EndGlobal
